
Microsoft Visual Studio Solution File, Format Version 12.00
# Visual Studio 15
VisualStudioVersion = 15.0.27205.0
MinimumVisualStudioVersion = 10.0.40219.1
Project("{FAE04EC0-301F-11D3-BF4B-00C04F79EFBC}") = "Core2.Selkie.Services.Common", "Core2.Selkie.Services.Common\Core2.Selkie.Services.Common.csproj", "{8F00353C-F7D1-4356-81D2-B1FA2174F3A0}"
EndProject
Project("{2150E333-8FDC-42A3-9474-1A3956D46DE8}") = "Tests", "Tests", "{84A233AD-EB65-49EA-B1E3-BF04F121B930}"
EndProject
Project("{FAE04EC0-301F-11D3-BF4B-00C04F79EFBC}") = "Core2.Selkie.Services.Common.Tests", "Core2.Selkie.Services.Common.Tests\Core2.Selkie.Services.Common.Tests.csproj", "{98FC2165-0BB9-41FA-BBC0-D22B104BEE45}"
EndProject
Project("{2150E333-8FDC-42A3-9474-1A3956D46DE8}") = "Example", "Example", "{98AB6483-D1F8-4A73-B187-6C1A08647B3B}"
EndProject
Project("{FAE04EC0-301F-11D3-BF4B-00C04F79EFBC}") = "Core2.Selkie.Services.Common.Example", "Core2.Selkie.Services.Common.Example\Core2.Selkie.Services.Common.Example.csproj", "{6D5786E5-39BD-4FF9-A4E3-54C31FF2BAA8}"
EndProject
Global
	GlobalSection(SolutionConfigurationPlatforms) = preSolution
		Debug|Any CPU = Debug|Any CPU
		Release|Any CPU = Release|Any CPU
	EndGlobalSection
	GlobalSection(ProjectConfigurationPlatforms) = postSolution
		{8F00353C-F7D1-4356-81D2-B1FA2174F3A0}.Debug|Any CPU.ActiveCfg = Debug|Any CPU
		{8F00353C-F7D1-4356-81D2-B1FA2174F3A0}.Debug|Any CPU.Build.0 = Debug|Any CPU
		{8F00353C-F7D1-4356-81D2-B1FA2174F3A0}.Release|Any CPU.ActiveCfg = Release|Any CPU
		{8F00353C-F7D1-4356-81D2-B1FA2174F3A0}.Release|Any CPU.Build.0 = Release|Any CPU
		{98FC2165-0BB9-41FA-BBC0-D22B104BEE45}.Debug|Any CPU.ActiveCfg = Debug|Any CPU
		{98FC2165-0BB9-41FA-BBC0-D22B104BEE45}.Debug|Any CPU.Build.0 = Debug|Any CPU
		{98FC2165-0BB9-41FA-BBC0-D22B104BEE45}.Release|Any CPU.ActiveCfg = Release|Any CPU
		{98FC2165-0BB9-41FA-BBC0-D22B104BEE45}.Release|Any CPU.Build.0 = Release|Any CPU
		{6D5786E5-39BD-4FF9-A4E3-54C31FF2BAA8}.Debug|Any CPU.ActiveCfg = Debug|Any CPU
		{6D5786E5-39BD-4FF9-A4E3-54C31FF2BAA8}.Debug|Any CPU.Build.0 = Debug|Any CPU
		{6D5786E5-39BD-4FF9-A4E3-54C31FF2BAA8}.Release|Any CPU.ActiveCfg = Release|Any CPU
		{6D5786E5-39BD-4FF9-A4E3-54C31FF2BAA8}.Release|Any CPU.Build.0 = Release|Any CPU
	EndGlobalSection
	GlobalSection(SolutionProperties) = preSolution
		HideSolutionNode = FALSE
	EndGlobalSection
	GlobalSection(NestedProjects) = preSolution
		{98FC2165-0BB9-41FA-BBC0-D22B104BEE45} = {84A233AD-EB65-49EA-B1E3-BF04F121B930}
		{6D5786E5-39BD-4FF9-A4E3-54C31FF2BAA8} = {98AB6483-D1F8-4A73-B187-6C1A08647B3B}
	EndGlobalSection
	GlobalSection(ExtensibilityGlobals) = postSolution
		SolutionGuid = {36295DD5-309A-483B-8DFA-1656C2499F40}
	EndGlobalSection
EndGlobal
